{
    "_meta": {
        "hash": {
            "sha256": "4b0f5884af5fdc434e46952d86b43ae3e547552a5693ab5541f455bf5db992e6"
        },
        "pipfile-spec": 6,
        "requires": {},
        "sources": [
            {
                "name": "devpi",
                "url": "https://devpi.library.illinois.edu/root/pypi/+simple/",
                "verify_ssl": true
            },
            {
                "name": "uiuclibrary",
                "url": "https://devpi.library.illinois.edu/production/release/+simple/",
                "verify_ssl": true
            },
            {
                "name": "pypi",
                "url": "https://pypi.python.org/simple",
                "verify_ssl": true
            }
        ]
    },
    "default": {
        "aiohttp": {
            "hashes": [
                "sha256:014e749e5acef211462c7932e29c34c6f5d03640d4a59404ac3cd6c18e7c8e8d",
                "sha256:03f490c5e823f0843433e259bad8e15849df7d9cf6598a0d8659aa95d9bd3db4",
                "sha256:0fdd42cd0f39e2eda28745c329bdc4a7b2e3d17be67cba4097da8d7dd128f7ed",
                "sha256:138f5e5036773001241f3ed206fe4fe326e91d6422ff1e727d2ad7b2f7b46b91",
                "sha256:1514c83e7c7f482ce3876b13ccce2c8a7d2400ff992bebd6c6c049660ababb43",
                "sha256:3ca150aed4e6ad9b35ac51b01b89d0ad2f4d3704226dad809f0d87e7b9cf76a5",
                "sha256:3d42e8a343879ac9993b0e51a64a4e02fc6d3fb1c298aa9a8515f81c98658ae5",
                "sha256:3d8573dd18032b2e99654e431ad2e863d1ea3cc9caa674958571f48820bd800c",
                "sha256:483261bb4c8c04b6d7054178e61852ee23dac65dd9109ded50b8c01642cb28e7",
                "sha256:4b88f03a87b4bdce7a5d8dceddf0e4b49909adb9e02c7cf5a124ff28fb0cf722",
                "sha256:4e6739c7b1c9ad41bed93c76ccdbf4f0c2e01efc1d5c01584f5716803a1072f5",
                "sha256:543eba8b65873f77fc22b91c6356e684bf0ed52a4407181d54ed97405d720589",
                "sha256:61c3426e7818a56d0594b45091c910e318ba6ba96602ce69cd1cbdf8a779f1ae",
                "sha256:8619901d26f4aa317e7711aa794f50a41c79f3f564f87487738f9a3092573bf0",
                "sha256:870b73824ea62fea14e135ca68f5d291eafe800bce552cf770f0152a5b37bd98",
                "sha256:aa611b9ba83b6434b3bad0da69f493d4db08dda5d260a3458459c3a1b4b6e8c2",
                "sha256:bf33b25a8eafc71dcc04a255c0fd14fcf90dac28d939edefc8047579de8917ef",
                "sha256:d4a44deaa7196fec6f9ed3ab0e46fd0e4bb94690be972fd4252c307fa7411a35",
                "sha256:e076731b712298d2e1050465f549737dde924ea7cd1b7a86ccc2fe4726436c92",
                "sha256:e9610a30b14fdc3379dff42c61098e0234c44261e98a1467c0cc1d9c7c802242",
                "sha256:f16f517e18753bf3167deca7ac5fbedb5484a72cb4b4f071ea2f79029c0da867",
                "sha256:f8204969ce2de0786247d525223effaa5fe2cb6bdd5baa965809e119d7cbb6c8"
            ],
            "version": "==3.4.1"
        },
        "async-timeout": {
            "hashes": [
                "sha256:474d4bc64cee20603e225eb1ece15e248962958b45a3648a9f5cc29e827a610c",
                "sha256:b3c0ddc416736619bd4a95ca31de8da6920c3b9a140c64dbef2b2fa7bf521287"
            ],
            "markers": "python_version >= '3.5.3'",
            "version": "==3.0.0"
        },
        "attrs": {
            "hashes": [
                "sha256:4b90b09eeeb9b88c35bc642cbac057e45a5fd85367b985bd2809c62b7b939265",
                "sha256:e0d0eb91441a3b53dab4d9b743eafc1ac44476296a2053b6ca3af0b139faf87b"
            ],
            "version": "==18.1.0"
        },
        "chardet": {
            "hashes": [
                "sha256:84ab92ed1c4d4f16916e05906b6b75a6c0fb5db821cc65e70cbd64a3e2a5eaae",
                "sha256:fc323ffcaeaed0e0a02bf4d117757b98aed530d9ed4531e3e15460124c106691"
            ],
            "version": "==3.0.4"
        },
        "hathichecksumupdater": {
            "hashes": [
                "sha256:35f9c5321495f349c74125026b28e1636c2219722712e5d00915ddc1ba63f3b9"
            ],
            "index": "devpi",
            "version": "==0.1.0"
        },
        "hathivalidate": {
            "hashes": [
                "sha256:1e601b7f7afac54a84943c4b3e0d62d1af75db3a16ad41e7e632b8dcf541c392",
                "sha256:49a22701984f6d9163af019b41b23933766cc2aeb920936817e4c83957b391bb",
                "sha256:b3a6ac77e916478b64bcbd6ee2d90d366c334c64e23e0fe703ccf057871dd049"
            ],
            "index": "devpi",
            "version": "==0.3.4"
        },
        "hathizip": {
            "hashes": [
                "sha256:5db5b687fe76009412af4fbe10503abd38f0403804666501cd617d68e194c9b9",
                "sha256:c7fb18a03d33c6826a68f80026d1cc2f7926d91e05be89cd2410b404c665b0f2",
                "sha256:eb71407189f7cae19f58484cecb93308957f4c02a473ae6f8cae244fdc3ad302"
            ],
            "index": "devpi",
            "version": "==0.1.3"
        },
        "idna": {
            "hashes": [
                "sha256:156a6814fb5ac1fc6850fb002e0852d56c0c8d2531923a51032d1b70760e186e",
                "sha256:684a38a6f903c1d71d6d5fac066b58d7768af4de2b832e426ec79c30daa94a16"
            ],
            "version": "==2.7"
        },
        "idna-ssl": {
            "hashes": [
                "sha256:a933e3bb13da54383f9e8f35dc4f9cb9eb9b3b78c6b36f311254d6d0d92c6c7c"
            ],
            "markers": "python_version < '3.7'",
            "version": "==1.1.0"
        },
        "importlib-resources": {
            "hashes": [
                "sha256:73f454e062ac149bafd262b18c1f9ebc91f53bd6474e028d1bf1c59ebd152efb"
            ],
            "index": "devpi",
            "markers": "python_version < '3.7'",
            "version": "==1.0.1"
        },
        "lxml": {
            "hashes": [
                "sha256:0cf1eca0652c4409e0655e04b840d6d85b7eb18718f5fba3862acad5500e3480",
                "sha256:10624ef1b468252309f269b13af4f837e3a82be366b5f3e49b0e83f1ad66205f",
                "sha256:1259e374da3a575615fe402e0966c5894bae3d2e229c2239ba4ebf2bb020c4b6",
                "sha256:26bb748af1ead0097eb8272b8a06f15a0015b8f312eef772a95f223a16e7de56",
                "sha256:27d0b13bcfcf2f6a5664e64fc3d684c76db1cdba5a5761795d154063559e0b59",
                "sha256:2b013fdabcbc21bc2770437099b921ec290235752b5baaac7a601f75094a378d",
                "sha256:2e469ea2c0b722b9b393187649e7d126c537a68512fc92a676fe86e57050c2a9",
                "sha256:37f7c2cdf513a0ea239c1609681880fb2f0073de0d2996e0ae9a7f0ef15d8b95",
                "sha256:68c6afc7a4411db2df28307e2493c945cb3d887e8f431b81811c1ea6ba087b8b",
                "sha256:73fe3452fc02c0b418914f842f897bdad0f1184368d8d9c315294ff7b94946f2",
                "sha256:7584d83d7315f641510e5f97f4d636ea225fd76e3f8aee965b2e8c93a8169b4d",
                "sha256:76e3ec6b26b1198dd5e6e20539d8360dcd3b224cd80cadba9307b790fda79161",
                "sha256:8288a889cbaa446e5fa168837456e63098b91953c89e5857968a5091b337cdca",
                "sha256:ad9e1fee284dec97b74cd88e925eca1575145598c974243cfb5e859f406adc32",
                "sha256:b360c3769cf0fd7d82577e40e37d4caf693f67744d0d61d11d66b5c31eaccf7a",
                "sha256:c4aaf320284a2713428163bae0e7df0db3b489237ab4830179210a12d56d3068",
                "sha256:c530274e43b0f376cd94e8e0a3e6ea28de1739ec4326689bdbf626e172d2e614",
                "sha256:ca4e79294fd0f3f9e0e5a4c309df84b5f2abc62349bfaf2aaf8965e5108ef8e2",
                "sha256:ce2dc5a104e885abbd48d0cc92ae74afa1d685ee65d6e3497067207d6a26e177",
                "sha256:d295cac30d3e13e82473081ea7df2a11352b5625cb54187fcd5a8be5d9ebf315",
                "sha256:d498338b39c4757ba88bdc705b3a0647d18554856cd2d394ac3bb919ac890c9d",
                "sha256:d537f8e613074805e17039e345edaa822534f66f07d315c89cff9824aa996d65",
                "sha256:df8ba3f52ef59a553b0e94593ea526c34faa4f531c1ab7f5ca7f392bc770c9e3",
                "sha256:e2553800d2d461a2dc329682d0a9068f238ec11d763e5454c61c4df7a0346ed2",
                "sha256:e2afbe403090f5893e254958d02875e0732975e73c4c0cdd33c1f009a61963ca",
                "sha256:e740efa625883f3c4de20c7e1411228d7ce2ab47b9e874a703f6681ec0558a30",
                "sha256:ec7864b62da0f5ae44973351247f2250a25b9b544fc6aff8bd6a75da1156cc70",
                "sha256:f26ddab491b10279b7e8e3fdcbaaaba3ab282fbaecfa48a19874dfc4d53b9d4f",
                "sha256:f6a16681f30918521066ddcc4ba79c1e033c9837dd94f78f5a9f6110e7572185",
                "sha256:f968623ac9b81a6253d4bbbe3f4d1e6be5f33707f397b566935783511bfa281a"
            ],
            "index": "devpi",
            "version": "==4.2.4"
        },
        "multidict": {
            "hashes": [
                "sha256:0540b84a4cba63a9a97e8493db9a2315913c3f57af93004eced3b20b32381f52",
                "sha256:133421952538d9de2bafb2052fc37cf5b12731b2680371a9984e2fe493c17513",
                "sha256:1f0852fbffbd47748bbfa64db214d8f324eaacc1b5378b9128751865fb7371e2",
                "sha256:222b05b5b63b0d9787afe65186ed7e2564570266b8811178322476029e45ad52",
                "sha256:23478cf8f58cfbfc74ef0384fc6fea041f994f3c904762c423f936f8788039b3",
                "sha256:26d5a57320b6a0879ee3650de70b496e19d4487bd94b63503201d28e17087049",
                "sha256:33065709d5ecd149bb4793becae02e778f2c8187748fff03d9bf8d0ca8121784",
                "sha256:45cc3825b9f843c22120e91559fd1f3fa57c30212f2d456fb670bcdbadc7ecc5",
                "sha256:493ce980065c377e7c3a812a3f99f0d9bee52905b4bbcc7e8976f41c44f76bdd",
                "sha256:51b8dd17589ceeba29726d3a99b675078739cd28ef076296056a5aae5fa6246c",
                "sha256:55b7d382e66950070fc1f91635301be101e92e1bc837c21b77a1378302aec189",
                "sha256:6de1b59c6746bd6ce55627186e81429c02b545619fc9aedd8902859ed7404028",
                "sha256:71d1fc252e6bdf313bad55e11b924211850f1bf6ba0dd7fd346b487fa7bb3091",
                "sha256:7d41ca262f604e546a3f6664f32beb67a8e26681b8b96c357c1bd799dc8112c7",
                "sha256:808970abbed82f1600c442deb502886b505ee2f952e1dc963185f9d986a464ee",
                "sha256:8ce0d0f54a060aee479b2f4a00751b8eb8e7499954bf0a2ad977e039630cac0a",
                "sha256:93b6720c4156850fc9260249513e9c51def79fa7398d7301b363d8497fed9342",
                "sha256:a332c901a3465f4b403772b204c0f5bc746f99647e2fd612836eb35ebab24344",
                "sha256:ab6649751e2cb887b059af21bdefd73908c57b40b105e44eaa1f3836bb510da7",
                "sha256:ae8fdd9588479d97f1d8a7baaca0956e6e396fc9639297e1cb3d5f499489b035",
                "sha256:b26dfe729d4ccb07a75df2b16384907c2f7339dae0bd2ce26f71dee717efe427",
                "sha256:c6729e7bc74b38d789dda747f53a6153fbcde0c534c2c18b4d6b931caa990800",
                "sha256:c89dc4739f527e8c38467fd460f4f857185c0d0891ac5a3ea185ac4b2ceb1e2f",
                "sha256:c934d1eb0ae3d478554c04ba74d03077bc39ea6e4d2fa4e0c4b7972ca42b2e43",
                "sha256:d1fd384992ef84d28c79798a9b50c64aeb2d1a5320bfb8f8afd5cedf7072e100",
                "sha256:d4caccfd8817fd766fee7745abda42a55ec561247e73cee1d018db20cd0a7871",
                "sha256:d8b0f7ea599bb290538cbef22c2ad7a153be40fbeffcfc149a491f458d01c128",
                "sha256:db4ebc8910af2c340735c57a856c3be4ed8d0f3dda07341e11c23008dbe3290b",
                "sha256:fd163dc3b0cbece0d6615d701e3b369311e15a4761866d4672c132c0570acee3"
            ],
            "markers": "python_version >= '3.4.1'",
            "version": "==4.4.0a39"
        },
        "pluggy": {
            "hashes": [
                "sha256:6e3836e39f4d36ae72840833db137f7b7d35105079aee6ec4a62d9f80d594dd1",
                "sha256:95eb8364a4708392bae89035f45341871286a333f749c3141c20573d2b3876e1"
            ],
            "index": "devpi",
            "version": "==0.7.1"
        },
        "py3exiv2bind": {
            "hashes": [
                "sha256:34e3a40826146cb481af7566cf191fe005ee8c0e8d72b0695faabb2702637d18",
                "sha256:939016fca3a0f081262c6e0925a78fe59c0c3c32ff4ffa9b7ef95e1f7972e839",
                "sha256:a0f0ec6eff2e30a6f08613cd2677edd38e6591448953b793b94c4b232996d7cc"
            ],
            "markers": "python_version >= '3.6'",
            "version": "==0.1.0"
        },
        "pyhathiprep": {
            "hashes": [
                "sha256:ba0096f14033a45713eee3999751a1de3a05898f51ce38ed32b070e5ab461167"
            ],
            "index": "devpi",
            "version": "==0.1.3"
        },
        "pykdu-compress": {
            "hashes": [
                "sha256:7a866209195695fc76a9a7cbd8078e4caef6ed0134d1f70e91532b47c17842b3",
                "sha256:b06df9f1b78c872327823ba1cc8656d3e8bbbdd1b89b6c973859e77d9c9b539e",
                "sha256:e8d032b5b7df67025acde394094e2c63edb24b9052c828118aa1efc1dc114233"
            ],
            "index": "devpi",
            "version": "==0.0.6b2"
        },
        "pyqt5": {
            "hashes": [
                "sha256:700b8bb0357bf0ac312bce283449de733f5773dfc77083664be188c8e964c007",
                "sha256:76d52f3627fac8bfdbc4857ce52a615cd879abd79890cde347682ff9b4b245a2",
                "sha256:7d0f7c0aed9c3ef70d5856e99f30ebcfe25a58300158dd46ee544cbe1c5b53db",
                "sha256:d5dc2faf0aeacd0e8b69af1dc9f1276a64020193148356bb319bdfae22b78f88"
            ],
            "index": "devpi",
            "version": "==5.11.2"
        },
        "pyqt5-sip": {
            "hashes": [
                "sha256:3bcd8efae7798ce41aa7c3a052bd5ce1849f437530b8a717bae39197e780f505",
                "sha256:4a3c5767d6c238d8c62d252ac59312fac8b2264a1e8a5670081d7f3545893005",
                "sha256:67481d70fb0c7fb83e77b9025e15d0e78c7647c228eef934bd20ba716845a519",
                "sha256:7b2e563e4e56adee00101a29913fdcc49cc714f6c4f7eb35449f493c3a88fc45",
                "sha256:92a4950cba7ad7b7f67c09bdf80170ac225b38844b3a10f1271b02bace2ffc64",
                "sha256:9309c10f9e648521cfe03b62f4658dad2314f81886062cb30e0ad31b337e14b0",
                "sha256:9f524e60fa6113b50c48fbd869b2aef19833f3fe278097b1e7403e8f4dd5392c",
                "sha256:a10f59ad65b34e183853e1387b68901f473a2041f7398fac87c4e445ab149830",
                "sha256:abc2b2df469b4efb01d9dba4b804cbf0312f109ed74752dc3a37394a77d55b1f",
                "sha256:c09c17009a2dd2a6317a14d3cea9b2300fdb2206cf9bc4bae0870d1919897935",
                "sha256:c30c162e1430fd5a02207f1bd478e170c61d89fcca11ac6d8babb73cb33a86a8",
                "sha256:f00ceceef75a2140fda737bd30847ac69b7d92fbd32b6ea7b387017e72176bd8"
            ],
            "version": "==4.19.12"
        },
        "pytz": {
            "hashes": [
                "sha256:a061aa0a9e06881eb8b3b2b43f05b9439d6583c206d0a6c340ff72a7b6669053",
                "sha256:ffb9ef1de172603304d9d2819af6f5ece76f2e85ec10692a524dd876e72bf277"
            ],
            "version": "==2018.5"
        },
        "pyyaml": {
            "hashes": [
                "sha256:254bf6fda2b7c651837acb2c718e213df29d531eebf00edb54743d10bcb694eb",
                "sha256:3108529b78577327d15eec243f0ff348a0640b0c3478d67ad7f5648f93bac3e2",
                "sha256:3c17fb92c8ba2f525e4b5f7941d850e7a48c3a59b32d331e2502a3cdc6648e76",
                "sha256:8d6d96001aa7f0a6a4a95e8143225b5d06e41b1131044913fecb8f85a125714b",
                "sha256:c8a88edd93ee29ede719080b2be6cb2333dfee1dccba213b422a9c8e97f2967b"
            ],
            "markers": "python_version != '3.0.*' and python_version >= '2.6' and python_version != '3.2.*' and python_version != '3.1.*' and python_version != '3.3.*'",
            "version": "==4.2b4"
        },
        "ruamel.yaml": {
            "hashes": [
                "sha256:36f26a9788f005b70e5f8dd4b42588032f3290884955a19ea21339dd7a2a91bd",
                "sha256:37dc87cd78bb6160606dfbd2b015015cf1441872133950ecb4a837a90d694670",
                "sha256:3a2ae6ac6f1cd7e26dd1c7a5249080ff269a903e43c237e575239bc42c85d65c",
                "sha256:42765a674a5ab4dd7bd6de837c93f2911f6114bb040a07a71379b1577b3b2e36",
                "sha256:57f7578af7a71a562d64f78c4a72589d55d471650c19f0fc54e0d2e6c7e5f1f5",
                "sha256:66692fc9608c3d7002d5502dea45d3c81fb6158781f65de4d984af41a2e800c8",
                "sha256:6719c43f0fb41436759823a7c01258152d18e5f8368e89cd5b1eda5e03734403",
                "sha256:6cc5d81f3dac5bf0d387df68dd973bee80ded42f1f83474e59e948450646a805",
                "sha256:7a42648c994e99a0b59237f1c10eafeb08475db09ecabf92cd1176693782cd23",
                "sha256:7d276cfbbf2a373d6cd02263509b1435ecb7725143a7d3e0bf627f9f3de39bc7",
                "sha256:8bd4c97e44514f1d977576799fdd8e8f2b2654a4cd52c0d91c8b7e1c6bcea9ed",
                "sha256:aa0ca65adf6dfb511e1de9adb04d64a65b7bf2cc007cd942caaa9a004b43dfeb",
                "sha256:aec20e594f604f13e6bd44fff42bfa865ff04b22e93722fc4f744a97bb0bc9cf",
                "sha256:aef5a5816680f4c77f872f7f805bbbafc813e9c9cb3405cc9b7507c1680fe7d3",
                "sha256:b7fbb5574c8e87e5acc4cb201ca84a1cfb8b967543dd7861fb20743977ea0701",
                "sha256:cdce01701ad52a3771393db7feac7d41caa083ba683bd3f16f6647347cab2387",
                "sha256:ebbb6527bf12df4835cf7ab001736ba7af657cbf8814354e36e0b8267fb433ca",
                "sha256:f1c55e2422ff879dbc6751fbd05a38455a7f870351afff29bcc38df336c3b86c",
                "sha256:f6c372edc30b25b884b4bd7556c4eb5b426516e44bf5856601ec5642ffa36905",
                "sha256:f9e07c9ba68a94e8b075e1ecf004c211db864246fc65ddf66976b38e82a5242b",
                "sha256:fa77530ae18c8e4f1b6596eb77a1cdcbac16f400ef6b48ada0c803533deb5c60",
                "sha256:fae2d856c8542a5b5684f1c8f36c538a965068dda39d25a3a82373f05fcf2983"
            ],
            "version": "==0.15.64"
        },
        "tzlocal": {
            "hashes": [
                "sha256:27d58a0958dc884d208cdaf45ef5892bf2a57d21d9611f2ac45e51f1973e8cab",
                "sha256:f124f198e5d86b3538b140883472beaa82d2c0efc0cd9694dfdbe39079e22e69"
            ],
            "version": "==2.0.0b1"
        },
        "uiucprescon-getmarc": {
            "hashes": [
                "sha256:0382f67c9aa7bd633cc0aad54fe1d5b8e007a9eb59c244515cd6a9ab6695911c",
                "sha256:0fea1f02d826ee877406eef17600bf9eef5da0a43324d145f754b71c12e169c4"
            ],
            "index": "devpi",
            "version": "==0.0.1"
        },
        "uiucprescon-imagevalidate": {
            "hashes": [
                "sha256:b59472b9c7b4dcf792c0ce0b09db02accc6ec8ef9e3e1f83d246d1bd0593e731",
                "sha256:ce79336f675cf216493c6a090547798fc0a4e059a62749ca82125c7ac6040bfc",
                "sha256:eb97805fb3cf537aa4d9a03e82c7126d0e73c4e8c225a7528d75d873685bbeb7"
            ],
            "index": "devpi",
            "version": "==0.1.1"
        },
        "uiucprescon-ocr": {
            "hashes": [
                "sha256:0f0226577f8fb9dddaf346c66f31fe89ed19614aadbf34f87d3f6034dd3558b1",
                "sha256:ab5e0499053b252741d985a78d307e7850d0f2b4e7a031c2f6880251e5f68ba5",
                "sha256:e0313371bac33d6d7dfe05ed7a936fa3a31fe707c0cd73c07a79c555d74d827a"
            ],
            "index": "devpi",
            "version": "==0.0.1"
        },
        "uiucprescon-packager": {
            "hashes": [
                "sha256:8c442ab606539a442ed022c5865719548393f9addf2e21e1abb45674deac4075",
                "sha256:997b0a58dbcf6d6f19c38983ecbea5da44835f26b9c0bd2c0e5bb084e0be0262",
                "sha256:f500f5713cfa96ca5459bf4e6257d22e43a16e4429c08573a5c863aa93e29f89"
            ],
            "index": "devpi",
            "version": "==0.2.1"
        },
        "wheel": {
            "hashes": [
                "sha256:0a2e54558a0628f2145d2fc822137e322412115173e8a2ddbe1c9024338ae83c",
                "sha256:80044e51ec5bbf6c894ba0bc48d26a8c20a9ba629f4ca19ea26ecfcf87685f5f"
            ],
            "markers": "python_version != '3.3.*' and python_version >= '2.7' and python_version != '3.0.*' and python_version != '3.1.*' and python_version != '3.2.*'",
            "version": "==0.31.1"
        },
        "yarl": {
            "hashes": [
                "sha256:2556b779125621b311844a072e0ed367e8409a18fa12cbd68eb1258d187820f9",
                "sha256:4aec0769f1799a9d4496827292c02a7b1f75c0bab56ab2b60dd94ebb57cbd5ee",
                "sha256:55369d95afaacf2fa6b49c84d18b51f1704a6560c432a0f9a1aeb23f7b971308",
                "sha256:6c098b85442c8fe3303e708bbb775afd0f6b29f77612e8892627bcab4b939357",
                "sha256:9182cd6f93412d32e009020a44d6d170d2093646464a88aeec2aef50592f8c78",
                "sha256:c8cbc21bbfa1dd7d5386d48cc814fe3d35b80f60299cdde9279046f399c3b0d8",
                "sha256:db6f70a4b09cde813a4807843abaaa60f3b15fb4a2a06f9ae9c311472662daa1",
                "sha256:f17495e6fe3d377e3faac68121caef6f974fcb9e046bc075bcff40d8e5cc69a4",
                "sha256:f85900b9cca0c67767bb61b2b9bd53208aaa7373dae633dbe25d179b4bf38aa7"
            ],
            "version": "==1.2.6"
        }
    },
    "develop": {
        "alabaster": {
            "hashes": [
                "sha256:674bb3bab080f598371f4443c5008cbfeb1a5e622dd312395d2d82af2c54c456",
                "sha256:b63b1f4dc77c074d386752ec4a8a7517600f6c0db8cd42980cae17ab7b3275d7"
            ],
            "version": "==0.7.11"
        },
        "atomicwrites": {
            "hashes": [
                "sha256:0312ad34fcad8fac3704d441f7b317e50af620823353ec657a53e981f92920c0",
                "sha256:ec9ae8adaae229e4f8446952d204a3e4b5fdd2d099f9be3aaf556120135fb3ee"
            ],
            "markers": "python_version != '3.2.*' and python_version != '3.0.*' and python_version >= '2.7' and python_version != '3.1.*' and python_version != '3.3.*'",
            "version": "==1.2.1"
        },
        "attrs": {
            "hashes": [
                "sha256:4b90b09eeeb9b88c35bc642cbac057e45a5fd85367b985bd2809c62b7b939265",
                "sha256:e0d0eb91441a3b53dab4d9b743eafc1ac44476296a2053b6ca3af0b139faf87b"
            ],
            "version": "==18.1.0"
        },
        "babel": {
            "hashes": [
                "sha256:6778d85147d5d85345c14a26aada5e478ab04e39b078b0745ee6870c2b5cf669",
                "sha256:8cba50f48c529ca3fa18cf81fa9403be176d374ac4d60738b839122dfaaa3d23"
            ],
            "version": "==2.6.0"
        },
        "behave": {
            "hashes": [
                "sha256:b9662327aa53294c1351b0a9c369093ccec1d21026f050c3bd9b3e5cccf81a86",
                "sha256:ebda1a6c9e5bfe95c5f9f0a2794e01c7098b3dde86c10a95d8621c5907ff6f1c"
            ],
            "index": "devpi",
            "version": "==1.2.6"
        },
        "certifi": {
            "hashes": [
                "sha256:376690d6f16d32f9d1fe8932551d80b23e9d393a8578c5633a2ed39a64861638",
                "sha256:456048c7e371c089d0a77a5212fb37a2c2dce1e24146e3b7e0261736aaeaa22a"
            ],
            "version": "==2018.8.24"
        },
        "chardet": {
            "hashes": [
                "sha256:84ab92ed1c4d4f16916e05906b6b75a6c0fb5db821cc65e70cbd64a3e2a5eaae",
                "sha256:fc323ffcaeaed0e0a02bf4d117757b98aed530d9ed4531e3e15460124c106691"
            ],
            "version": "==3.0.4"
        },
        "colorama": {
            "hashes": [
                "sha256:463f8483208e921368c9f306094eb6f725c6ca42b0f97e313cb5d5512459feda",
                "sha256:48eb22f4f8461b1df5734a074b57042430fb06e1d61bd1e11b078c0fe6d7a1f1"
            ],
            "markers": "sys_platform == 'win32'",
            "version": "==0.3.9"
        },
        "coverage": {
            "hashes": [
                "sha256:10cfac276cf3dd0acefc49444fc4e1a0a4c23c855d9fcbd555681c3a47a328e6",
                "sha256:18797137634b64fe488b239d3709e5f8fdea80aea09f86ec819c633a2c84f79c",
                "sha256:316881a28d2a1a5853495092267fcacf245805b4139f0fc996f8a6c4be6fb499",
                "sha256:3368098e2c633ec6b2af4f91abde94b5c3b8fa66857452137485f40be77aeda6",
                "sha256:35fe7a6c06851c4c6a4c171eb796d27e023f5a1ce1e25837ea720f5b8cb76fce",
                "sha256:3a1c8ed67a64627ef317de64356731f8f173b76457672e933db896c080e1cc2b",
                "sha256:59fa7e9857205b8d6f6fce0eaea07409bcdffd68eaec3db7e0b1ac720d4fe0f3",
                "sha256:6b2e2ef7572b399b0cc2f6d05c06ada40329166d6fc58beef8081fb94a41201f",
                "sha256:712599fc602c302c540fe7e83b6d82aaf381ec5bfb4a51dc5c30f57d214d649f",
                "sha256:7c8dbbc9e5480856125511f11a5c735cff3200e367adc3ba342dad506a25407d",
                "sha256:7fc25906ecb0a6af0c434370da6cfbcf8badb257c5cf9a6464f5e37fe4ebc949",
                "sha256:88d81556e00ac7e1cc9e70a2376859f41e46d187b6dd5883422aa537505f8a98",
                "sha256:91a915f5fc88db7adace367e8ef65d1a418d29f7ade62514d604eed87c861355",
                "sha256:9f696b90ff4886ba5a277995397a13b0600bfd97c70d8ae4241c2aecea11ee61",
                "sha256:a863f4540446d7eeaf6bf716aee277eaf38842718e86bdb80cdca78cdf1fed0d",
                "sha256:b3b6d8d8194e7e1300240402dfd9c54840d03621e69da821d8ffc8bbebe00137",
                "sha256:c296ac03ba12e184bef03387d89c4a0be79daff214294917ce77df32240bf4d8",
                "sha256:c75b3de73cc7ba2e911a907322c65dd10da216f37e7477f22dbd0098775f6345",
                "sha256:c87c9ee13ce431305734b8e3f0bf00468a1d4f4ee60b6ef63c69282776ab94d6",
                "sha256:c89c895ff5cfda45a5f681514b647986f76a4f984df125d210c154e5a1a2472b",
                "sha256:c9fa8fbda281b1ddf25b8fa7ccf0564198a86c9da8a413111fcadd510a98a232",
                "sha256:ccdf1bd8fd848690fb3d5153d0c54c41169e59804acb9652664f5f669fe25c11"
            ],
            "markers": "python_version < '4' and python_version >= '2.7' and python_version != '3.1.*' and python_version != '3.0.*' and python_version != '3.3.*' and python_version != '3.2.*'",
            "version": "==5.0a1"
        },
        "docopt": {
            "hashes": [
                "sha256:49b3a825280bd66b3aa83585ef59c4a8c82f2c8a522dbe754a8bc8d08c85c491"
            ],
            "version": "==0.6.2"
        },
        "docutils": {
            "hashes": [
                "sha256:02aec4bd92ab067f6ff27a38a38a41173bf01bed8f89157768c1573f53e474a6",
                "sha256:51e64ef2ebfb29cae1faa133b3710143496eca21c530f3f71424d77687764274",
                "sha256:7a4bd47eaf6596e1295ecb11361139febe29b084a87bf005bf899f9a42edc3c6"
            ],
            "version": "==0.14"
        },
        "flake8": {
            "hashes": [
                "sha256:7253265f7abd8b313e3892944044a365e3f4ac3fcdcfb4298f55ee9ddf188ba0",
                "sha256:c7841163e2b576d435799169b78703ad6ac1bbb0f199994fc05f700b2a90ea37"
            ],
            "index": "devpi",
            "version": "==3.5.0"
        },
        "idna": {
            "hashes": [
                "sha256:156a6814fb5ac1fc6850fb002e0852d56c0c8d2531923a51032d1b70760e186e",
                "sha256:684a38a6f903c1d71d6d5fac066b58d7768af4de2b832e426ec79c30daa94a16"
            ],
            "version": "==2.7"
        },
        "imagesize": {
            "hashes": [
                "sha256:3620cc0cadba3f7475f9940d22431fc4d407269f1be59ec9b8edcca26440cf18",
                "sha256:5b326e4678b6925158ccc66a9fa3122b6106d7c876ee32d7de6ce59385b96315"
            ],
            "version": "==1.0.0"
        },
        "jinja2": {
            "hashes": [
                "sha256:74c935a1b8bb9a3947c50a54766a969d4846290e1e788ea44c1392163723c3bd",
                "sha256:f84be1bb0040caca4cea721fcbbbbd61f9be9464ca236387158b0feea01914a4"
            ],
            "version": "==2.10"
        },
        "markupsafe": {
            "hashes": [
                "sha256:a6be69091dac236ea9c6bc7d012beab42010fa914c459791d627dad4910eb665"
            ],
            "version": "==1.0"
        },
        "mccabe": {
            "hashes": [
                "sha256:ab8a6258860da4b6677da4bd2fe5dc2c659cff31b3ee4f7f5d64e79735b80d42",
                "sha256:dd8d182285a0fe56bace7f45b5e7d1a6ebcbf524e8f3bd87eb0f125271b8831f"
            ],
            "version": "==0.6.1"
        },
        "more-itertools": {
            "hashes": [
                "sha256:c187a73da93e7a8acc0001572aebc7e3c69daf7bf6881a2cea10650bd4420092",
                "sha256:c476b5d3a34e12d40130bc2f935028b5f636df8f372dc2c1c01dc19681b2039e",
                "sha256:fcbfeaea0be121980e15bc97b3817b5202ca73d0eae185b4550cbfce2a3ebb3d"
            ],
            "version": "==4.3.0"
        },
        "mypy": {
            "hashes": [
                "sha256:673ea75fb750289b7d1da1331c125dc62fc1c3a8db9129bb372ae7b7d5bf300a",
                "sha256:c770605a579fdd4a014e9f0a34b6c7a36ce69b08100ff728e96e27445cef3b3c"
            ],
            "index": "devpi",
            "version": "==0.620"
        },
        "packaging": {
            "hashes": [
                "sha256:e9215d2d2535d3ae866c3d6efc77d5b24a0192cce0ff20e42896cc0664f889c0",
                "sha256:f019b770dd64e585a99714f1fd5e01c7a8f11b45635aa953fd41c689a657375b"
            ],
            "version": "==17.1"
        },
        "parse": {
            "hashes": [
                "sha256:c3cdf6206f22aeebfa00e5b954fcfea13d1b2dc271c75806b6025b94fb490939"
            ],
            "version": "==1.8.4"
        },
        "parse-type": {
            "hashes": [
                "sha256:6e906a66f340252e4c324914a60d417d33a4bea01292ea9bbf68b4fc123be8c9",
                "sha256:f596bdc75d3dd93036fbfe3d04127da9f6df0c26c36e01e76da85adef4336b3c"
            ],
            "version": "==0.4.2"
        },
        "pluggy": {
            "hashes": [
                "sha256:6e3836e39f4d36ae72840833db137f7b7d35105079aee6ec4a62d9f80d594dd1",
                "sha256:95eb8364a4708392bae89035f45341871286a333f749c3141c20573d2b3876e1"
            ],
            "index": "devpi",
            "version": "==0.7.1"
        },
        "py": {
            "hashes": [
                "sha256:06a30435d058473046be836d3fc4f27167fd84c45b99704f2fb5509ef61f9af1",
                "sha256:50402e9d1c9005d759426988a492e0edaadb7f4e68bcddfea586bc7432d009c6"
            ],
            "markers": "python_version >= '2.7' and python_version != '3.2.*' and python_version != '3.0.*' and python_version != '3.3.*' and python_version != '3.1.*'",
            "version": "==1.6.0"
        },
        "pycodestyle": {
            "hashes": [
                "sha256:682256a5b318149ca0d2a9185d365d8864a768a28db66a84a2ea946bcc426766",
                "sha256:6c4245ade1edfad79c3446fadfc96b0de2759662dc29d07d80a6f27ad1ca6ba9"
            ],
            "version": "==2.3.1"
        },
        "pyflakes": {
            "hashes": [
                "sha256:08bd6a50edf8cffa9fa09a463063c425ecaaf10d1eb0335a7e8b1401aef89e6f",
                "sha256:8d616a382f243dbf19b54743f280b80198be0bca3a5396f1d2e1fca6223e8805"
            ],
            "version": "==1.6.0"
        },
        "pygments": {
            "hashes": [
                "sha256:78f3f434bcc5d6ee09020f92ba487f95ba50f1e3ef83ae96b9d5ffa1bab25c5d",
                "sha256:dbae1046def0efb574852fab9e90209b23f556367b5a320c0bcb871c77c3e8cc"
            ],
            "version": "==2.2.0"
        },
        "pyparsing": {
            "hashes": [
                "sha256:0832bcf47acd283788593e7a0f542407bd9550a55a8a8435214a1960e04bcb04",
                "sha256:fee43f17a9c4087e7ed1605bd6df994c6173c1e977d7ade7b651292fab2bd010"
            ],
            "version": "==2.2.0"
        },
        "pyqt-distutils": {
            "hashes": [
                "sha256:74ed14c5e41ef2941879c788a848c50b9288ea4e8d3e1abd669be4ed864c727f",
                "sha256:ee5b8c30d3b0a473a5c23e43b2a29ce8e47fa7b48d8dc91816953da37bc053e8"
            ],
            "index": "devpi",
            "version": "==0.7.3"
        },
        "pytest": {
            "hashes": [
                "sha256:2d7c49e931316cc7d1638a3e5f54f5d7b4e5225972b3c9838f3584788d27f349",
                "sha256:ad0c7db7b5d4081631e0155f5c61b80ad76ce148551aaafe3a718d65a7508b18"
            ],
            "index": "devpi",
            "version": "==3.7.4"
        },
        "pytest-cov": {
            "hashes": [
                "sha256:03aa752cf11db41d281ea1d807d954c4eda35cfa1b21d6971966cc041bbf6e2d",
                "sha256:890fe5565400902b0c78b5357004aab1c814115894f4f21370e2433256a3eeec"
            ],
            "index": "devpi",
            "version": "==2.5.1"
        },
        "pytest-qt": {
            "hashes": [
                "sha256:dde9011f0a953188890ae985a83cc8844b836c723e19edf8af2492c1bee42892",
                "sha256:e25daeb7d7288bd75d200939d43ca43e4730b53afe54d0eb7dcb35f67d1af01b"
            ],
            "index": "devpi",
            "version": "==3.0.0"
        },
        "pytest-runner": {
            "hashes": [
                "sha256:d23f117be39919f00dd91bffeb4f15e031ec797501b717a245e377aee0f577be",
                "sha256:d987fec1e31287592ffe1cb823a8c613c533db4c6aaca0ee1191dbc91e2fcc61"
            ],
            "index": "devpi",
            "version": "==4.2"
        },
        "pytz": {
            "hashes": [
                "sha256:a061aa0a9e06881eb8b3b2b43f05b9439d6583c206d0a6c340ff72a7b6669053",
                "sha256:ffb9ef1de172603304d9d2819af6f5ece76f2e85ec10692a524dd876e72bf277"
            ],
            "version": "==2018.5"
        },
        "requests": {
            "hashes": [
                "sha256:63b52e3c866428a224f97cab011de738c36aec0185aa91cfacd418b5d58911d1",
                "sha256:ec22d826a36ed72a7358ff3fe56cbd4ba69dd7a6718ffd450ff0e9df7a47ce6a"
            ],
            "version": "==2.19.1"
        },
        "six": {
            "hashes": [
                "sha256:70e8a77beed4562e7f14fe23a786b54f6296e34344c23bc42f07b15018ff98e9",
                "sha256:832dc0e10feb1aa2c68dcc57dbb658f1c7e65b9b61af69048abc87a2db00a0eb"
            ],
            "version": "==1.11.0"
        },
        "snowballstemmer": {
            "hashes": [
                "sha256:919f26a68b2c17a7634da993d91339e288964f93c274f1343e3bbbe2096e1128",
                "sha256:9f3bcd3c401c3e862ec0ebe6d2c069ebc012ce142cce209c098ccb5b09136e89"
            ],
            "version": "==1.2.1"
        },
        "sphinx": {
            "hashes": [
                "sha256:27cd38978d07803b5f45df52980e04db7cbda9b563cff915848590347a338d89",
                "sha256:cb9b9a01f1ef8a97d9822323ed5a9a9f78cba91064296e4ad2595874d86d930b"
            ],
            "index": "devpi",
            "version": "==1.8.0b1"
        },
        "sphinxcontrib-websupport": {
            "hashes": [
                "sha256:68ca7ff70785cbe1e7bccc71a48b5b6d965d79ca50629606c7861a21b206d9dd",
                "sha256:9de47f375baf1ea07cdb3436ff39d7a9c76042c10a769c52353ec46e4e8fc3b9"
            ],
            "markers": "python_version >= '2.7' and python_version != '3.2.*' and python_version != '3.0.*' and python_version != '3.3.*' and python_version != '3.1.*'",
            "version": "==1.1.0"
        },
        "tox": {
            "hashes": [
                "sha256:37cf240781b662fb790710c6998527e65ca6851eace84d1595ee71f7af4e85f7",
                "sha256:eb61aa5bcce65325538686f09848f04ef679b5cd9b83cc491272099b28739600"
            ],
            "index": "devpi",
            "version": "==3.2.1"
        },
        "typed-ast": {
            "hashes": [
                "sha256:0948004fa228ae071054f5208840a1e88747a357ec1101c17217bfe99b299d58",
                "sha256:10703d3cec8dcd9eef5a630a04056bbc898abc19bac5691612acba7d1325b66d",
                "sha256:1f6c4bd0bdc0f14246fd41262df7dfc018d65bb05f6e16390b7ea26ca454a291",
                "sha256:25d8feefe27eb0303b73545416b13d108c6067b846b543738a25ff304824ed9a",
                "sha256:29464a177d56e4e055b5f7b629935af7f49c196be47528cc94e0a7bf83fbc2b9",
                "sha256:2e214b72168ea0275efd6c884b114ab42e316de3ffa125b267e732ed2abda892",
                "sha256:3e0d5e48e3a23e9a4d1a9f698e32a542a4a288c871d33ed8df1b092a40f3a0f9",
                "sha256:519425deca5c2b2bdac49f77b2c5625781abbaf9a809d727d3a5596b30bb4ded",
                "sha256:57fe287f0cdd9ceaf69e7b71a2e94a24b5d268b35df251a88fef5cc241bf73aa",
                "sha256:668d0cec391d9aed1c6a388b0d5b97cd22e6073eaa5fbaa6d2946603b4871efe",
                "sha256:68ba70684990f59497680ff90d18e756a47bf4863c604098f10de9716b2c0bdd",
                "sha256:6de012d2b166fe7a4cdf505eee3aaa12192f7ba365beeefaca4ec10e31241a85",
                "sha256:79b91ebe5a28d349b6d0d323023350133e927b4de5b651a8aa2db69c761420c6",
                "sha256:8550177fa5d4c1f09b5e5f524411c44633c80ec69b24e0e98906dd761941ca46",
                "sha256:898f818399cafcdb93cbbe15fc83a33d05f18e29fb498ddc09b0214cdfc7cd51",
                "sha256:94b091dc0f19291adcb279a108f5d38de2430411068b219f41b343c03b28fb1f",
                "sha256:a26863198902cda15ab4503991e8cf1ca874219e0118cbf07c126bce7c4db129",
                "sha256:a8034021801bc0440f2e027c354b4eafd95891b573e12ff0418dec385c76785c",
                "sha256:bc978ac17468fe868ee589c795d06777f75496b1ed576d308002c8a5756fb9ea",
                "sha256:c05b41bc1deade9f90ddc5d988fe506208019ebba9f2578c622516fd201f5863",
                "sha256:c9b060bd1e5a26ab6e8267fd46fc9e02b54eb15fffb16d112d4c7b1c12987559",
                "sha256:edb04bdd45bfd76c8292c4d9654568efaedf76fe78eb246dde69bdb13b2dad87",
                "sha256:f19f2a4f547505fe9072e15f6f4ae714af51b5a681a97f187971f50c283193b6"
            ],
            "version": "==1.1.0"
        },
        "urllib3": {
            "hashes": [
                "sha256:a68ac5e15e76e7e5dd2b8f94007233e01effe3e50e8daddf69acfd81cb686baf",
                "sha256:b5725a0bd4ba422ab0e66e89e030c806576753ea3ee08554382c14e685d117b5"
            ],
            "markers": "python_version >= '2.6' and python_version != '3.2.*' and python_version != '3.0.*' and python_version != '3.3.*' and python_version < '4' and python_version != '3.1.*'",
            "version": "==1.23"
        },
        "virtualenv": {
            "hashes": [
                "sha256:2ce32cd126117ce2c539f0134eb89de91a8413a29baac49cbab3eb50e2026669",
                "sha256:ca07b4c0b54e14a91af9f34d0919790b016923d157afda5efdde55c96718f752"
            ],
            "markers": "python_version >= '2.7' and python_version != '3.2.*' and python_version != '3.0.*' and python_version != '3.1.*'",
            "version": "==16.0.0"
        }
    }
}
